
Microsoft Visual Studio Solution File, Format Version 12.00
# Visual Studio Version 17
VisualStudioVersion = 17.2.32602.215
MinimumVisualStudioVersion = 10.0.40219.1
Project("{9A19103F-16F7-4668-BE54-9A1E7A4F7556}") = "Faculty_Information_System_Application", "Faculty_Information_System_Application\Faculty_Information_System_Application.csproj", "{73140103-1DE7-4C3B-B2CA-ACFB9095FC06}"
EndProject
Project("{FAE04EC0-301F-11D3-BF4B-00C04F79EFBC}") = "Faculty_Information_System_MVC_Layer", "Faculty_Information_System_MVC_Layer\Faculty_Information_System_MVC_Layer.csproj", "{3B07CD99-AF07-4E48-BAD9-0517ABE36B1B}"
EndProject
Global
	GlobalSection(SolutionConfigurationPlatforms) = preSolution
		Debug|Any CPU = Debug|Any CPU
		Release|Any CPU = Release|Any CPU
	EndGlobalSection
	GlobalSection(ProjectConfigurationPlatforms) = postSolution
		{73140103-1DE7-4C3B-B2CA-ACFB9095FC06}.Debug|Any CPU.ActiveCfg = Debug|Any CPU
		{73140103-1DE7-4C3B-B2CA-ACFB9095FC06}.Debug|Any CPU.Build.0 = Debug|Any CPU
		{73140103-1DE7-4C3B-B2CA-ACFB9095FC06}.Release|Any CPU.ActiveCfg = Release|Any CPU
		{73140103-1DE7-4C3B-B2CA-ACFB9095FC06}.Release|Any CPU.Build.0 = Release|Any CPU
		{3B07CD99-AF07-4E48-BAD9-0517ABE36B1B}.Debug|Any CPU.ActiveCfg = Debug|Any CPU
		{3B07CD99-AF07-4E48-BAD9-0517ABE36B1B}.Debug|Any CPU.Build.0 = Debug|Any CPU
		{3B07CD99-AF07-4E48-BAD9-0517ABE36B1B}.Release|Any CPU.ActiveCfg = Release|Any CPU
		{3B07CD99-AF07-4E48-BAD9-0517ABE36B1B}.Release|Any CPU.Build.0 = Release|Any CPU
	EndGlobalSection
	GlobalSection(SolutionProperties) = preSolution
		HideSolutionNode = FALSE
	EndGlobalSection
	GlobalSection(ExtensibilityGlobals) = postSolution
		SolutionGuid = {E6E63D18-9739-4E3C-9447-BB2174E02BED}
	EndGlobalSection
EndGlobal
